
Microsoft Visual Studio Solution File, Format Version 12.00
# Visual Studio Version 17
VisualStudioVersion = 17.4.33213.308
MinimumVisualStudioVersion = 10.0.40219.1
Project("{FAE04EC0-301F-11D3-BF4B-00C04F79EFBC}") = "proyectoparcial", "proyectoparcial\proyectoparcial.csproj", "{816092CA-E783-4BA4-AE23-C335FB98F6E4}"
EndProject
Global
	GlobalSection(SolutionConfigurationPlatforms) = preSolution
		Debug|Any CPU = Debug|Any CPU
		Release|Any CPU = Release|Any CPU
	EndGlobalSection
	GlobalSection(ProjectConfigurationPlatforms) = postSolution
		{816092CA-E783-4BA4-AE23-C335FB98F6E4}.Debug|Any CPU.ActiveCfg = Debug|Any CPU
		{816092CA-E783-4BA4-AE23-C335FB98F6E4}.Debug|Any CPU.Build.0 = Debug|Any CPU
		{816092CA-E783-4BA4-AE23-C335FB98F6E4}.Release|Any CPU.ActiveCfg = Release|Any CPU
		{816092CA-E783-4BA4-AE23-C335FB98F6E4}.Release|Any CPU.Build.0 = Release|Any CPU
	EndGlobalSection
	GlobalSection(SolutionProperties) = preSolution
		HideSolutionNode = FALSE
	EndGlobalSection
	GlobalSection(ExtensibilityGlobals) = postSolution
		SolutionGuid = {0D675D1C-DA76-4047-8363-6C5437FE32DE}
	EndGlobalSection
EndGlobal
